
Microsoft Visual Studio Solution File, Format Version 12.00
# Visual Studio Version 16
VisualStudioVersion = 16.0.29728.190
MinimumVisualStudioVersion = 10.0.40219.1
Project("{FAE04EC0-301F-11D3-BF4B-00C04F79EFBC}") = "WorkFlowManagement", "WorkFlowManagement.csproj", "{C7A34E47-2B9A-4351-AC29-FFFB5DC2D730}"
EndProject
Global
	GlobalSection(SolutionConfigurationPlatforms) = preSolution
		Debug|Any CPU = Debug|Any CPU
		Release|Any CPU = Release|Any CPU
	EndGlobalSection
	GlobalSection(ProjectConfigurationPlatforms) = postSolution
		{C7A34E47-2B9A-4351-AC29-FFFB5DC2D730}.Debug|Any CPU.ActiveCfg = Debug|Any CPU
		{C7A34E47-2B9A-4351-AC29-FFFB5DC2D730}.Debug|Any CPU.Build.0 = Debug|Any CPU
		{C7A34E47-2B9A-4351-AC29-FFFB5DC2D730}.Release|Any CPU.ActiveCfg = Release|Any CPU
		{C7A34E47-2B9A-4351-AC29-FFFB5DC2D730}.Release|Any CPU.Build.0 = Release|Any CPU
	EndGlobalSection
	GlobalSection(SolutionProperties) = preSolution
		HideSolutionNode = FALSE
	EndGlobalSection
	GlobalSection(ExtensibilityGlobals) = postSolution
		SolutionGuid = {6B86BA30-B92B-49E6-A53B-6B65A876EAD5}
	EndGlobalSection
EndGlobal
